{
  "name": "@indra.ai/errordeva",
  "version": "0.1.57",
  "lockfileVersion": 3,
  "requires": true,
  "packages": {
    "": {
      "name": "@indra.ai/errordeva",
      "version": "0.1.57",
      "license": "MIT",
      "dependencies": {
        "@indra.ai/deva": "^1.2.23"
      }
    },
    "node_modules/@indra.ai/deva": {
      "version": "1.2.23",
      "resolved": "https://registry.npmjs.org/@indra.ai/deva/-/deva-1.2.23.tgz",
      "integrity": "sha512-2264jw6COd1rc/ArQQGl4cWrq6MMCBKGfP/+feaLPhthNFpefQxLUXm58LqekiRywb6GQwIbURa0FRMKL6DmWA==",
      "funding": [
        {
          "type": "paypal",
          "url": "https://example.com/rahulaclub"
        },
        {
          "type": "patreon",
          "url": "https://www.patreon.com/rahulaclub"
        }
      ],
      "engines": {
        "node": ">=18.16.0",
        "npm": ">=9.5.1"
      }
    }
  }
}
