{
  "name": "@indra.ai/deva.error",
  "version": "0.0.12",
  "lockfileVersion": 3,
  "requires": true,
  "packages": {
    "": {
      "name": "@indra.ai/deva.error",
      "version": "0.0.12",
      "license": "MIT",
      "dependencies": {
        "@indra.ai/deva": "^1.2.34"
      }
    },
    "node_modules/@indra.ai/deva": {
      "version": "1.2.34",
      "resolved": "https://registry.npmjs.org/@indra.ai/deva/-/deva-1.2.34.tgz",
      "integrity": "sha512-e6PHBkUH0UBDhYZFWYSGOZkfjbjde9KKYYKuYaOEQ51W5T/j7vmMvplPdDsq6+cNrdGxdld97B2kicOM7PrmdQ==",
      "funding": [
        {
          "type": "paypal",
          "url": "https://paypal.me/rahulaclub"
        },
        {
          "type": "patreon",
          "url": "https://patreon.com/rahulaclub"
        }
      ],
      "license": "Unlicense",
      "engines": {
        "node": ">=18.16.0",
        "npm": ">=9.5.1"
      }
    }
  }
}
